
Microsoft Visual Studio Solution File, Format Version 12.00
# Visual Studio 14
VisualStudioVersion = 14.0.25420.1
MinimumVisualStudioVersion = 10.0.40219.1
Project("{FAE04EC0-301F-11D3-BF4B-00C04F79EFBC}") = "Model", "Model\Model.csproj", "{2294D59E-6072-4BCD-A370-EE044D1F333A}"
EndProject
Project("{FAE04EC0-301F-11D3-BF4B-00C04F79EFBC}") = "DAO", "DAO\DAO.csproj", "{15E7E897-BB99-4DD1-9FCE-60579477D767}"
EndProject
Project("{FAE04EC0-301F-11D3-BF4B-00C04F79EFBC}") = "Demo", "Demo\Demo.csproj", "{B90E2977-D863-445B-BBFD-1D813626A6A9}"
EndProject
Project("{FAE04EC0-301F-11D3-BF4B-00C04F79EFBC}") = "WebServices", "WebServices\WebServices.csproj", "{20476334-F6A0-4B56-86DC-A536A1A4619D}"
EndProject
Project("{FAE04EC0-301F-11D3-BF4B-00C04F79EFBC}") = "Web_UI", "Web_UI\Web_UI.csproj", "{3BF9A752-2E3E-4294-8813-0CAF340E5B8F}"
EndProject
Global
	GlobalSection(SolutionConfigurationPlatforms) = preSolution
		Debug|Any CPU = Debug|Any CPU
		Release|Any CPU = Release|Any CPU
	EndGlobalSection
	GlobalSection(ProjectConfigurationPlatforms) = postSolution
		{2294D59E-6072-4BCD-A370-EE044D1F333A}.Debug|Any CPU.ActiveCfg = Debug|Any CPU
		{2294D59E-6072-4BCD-A370-EE044D1F333A}.Debug|Any CPU.Build.0 = Debug|Any CPU
		{2294D59E-6072-4BCD-A370-EE044D1F333A}.Release|Any CPU.ActiveCfg = Release|Any CPU
		{2294D59E-6072-4BCD-A370-EE044D1F333A}.Release|Any CPU.Build.0 = Release|Any CPU
		{15E7E897-BB99-4DD1-9FCE-60579477D767}.Debug|Any CPU.ActiveCfg = Debug|Any CPU
		{15E7E897-BB99-4DD1-9FCE-60579477D767}.Debug|Any CPU.Build.0 = Debug|Any CPU
		{15E7E897-BB99-4DD1-9FCE-60579477D767}.Release|Any CPU.ActiveCfg = Release|Any CPU
		{15E7E897-BB99-4DD1-9FCE-60579477D767}.Release|Any CPU.Build.0 = Release|Any CPU
		{B90E2977-D863-445B-BBFD-1D813626A6A9}.Debug|Any CPU.ActiveCfg = Debug|Any CPU
		{B90E2977-D863-445B-BBFD-1D813626A6A9}.Debug|Any CPU.Build.0 = Debug|Any CPU
		{B90E2977-D863-445B-BBFD-1D813626A6A9}.Release|Any CPU.ActiveCfg = Release|Any CPU
		{B90E2977-D863-445B-BBFD-1D813626A6A9}.Release|Any CPU.Build.0 = Release|Any CPU
		{20476334-F6A0-4B56-86DC-A536A1A4619D}.Debug|Any CPU.ActiveCfg = Debug|Any CPU
		{20476334-F6A0-4B56-86DC-A536A1A4619D}.Debug|Any CPU.Build.0 = Debug|Any CPU
		{20476334-F6A0-4B56-86DC-A536A1A4619D}.Release|Any CPU.ActiveCfg = Release|Any CPU
		{20476334-F6A0-4B56-86DC-A536A1A4619D}.Release|Any CPU.Build.0 = Release|Any CPU
		{3BF9A752-2E3E-4294-8813-0CAF340E5B8F}.Debug|Any CPU.ActiveCfg = Debug|Any CPU
		{3BF9A752-2E3E-4294-8813-0CAF340E5B8F}.Debug|Any CPU.Build.0 = Debug|Any CPU
		{3BF9A752-2E3E-4294-8813-0CAF340E5B8F}.Release|Any CPU.ActiveCfg = Release|Any CPU
		{3BF9A752-2E3E-4294-8813-0CAF340E5B8F}.Release|Any CPU.Build.0 = Release|Any CPU
	EndGlobalSection
	GlobalSection(SolutionProperties) = preSolution
		HideSolutionNode = FALSE
	EndGlobalSection
EndGlobal
